// !$*UTF8*$!
{
	archiveVersion = 1;
	classes = {
	};
	objectVersion = 50;
	objects = {

/* Begin PBXBuildFile section */
		3108BAF87E0ADB70D244447D /* Pods_MyWorkbook.framework in Frameworks */ = {isa = PBXBuildFile; fileRef = 5FB78BE4B8F38B353C47883C /* Pods_MyWorkbook.framework */; };
		6900036624924D26004314C1 /* AuthModel.swift in Sources */ = {isa = PBXBuildFile; fileRef = 6900036524924D26004314C1 /* AuthModel.swift */; };
		6900036924924D9B004314C1 /* Exception.swift in Sources */ = {isa = PBXBuildFile; fileRef = 6900036824924D9B004314C1 /* Exception.swift */; };
		6900036B24924DF9004314C1 /* Observable+Ext.swift in Sources */ = {isa = PBXBuildFile; fileRef = 6900036A24924DF9004314C1 /* Observable+Ext.swift */; };
		6900036D249252E0004314C1 /* SignUpViewModel.swift in Sources */ = {isa = PBXBuildFile; fileRef = 6900036C249252E0004314C1 /* SignUpViewModel.swift */; };
		6900036F24925309004314C1 /* ErrorTracker.swift in Sources */ = {isa = PBXBuildFile; fileRef = 6900036E24925309004314C1 /* ErrorTracker.swift */; };
		6900037124925346004314C1 /* ViewModelType.swift in Sources */ = {isa = PBXBuildFile; fileRef = 6900037024925346004314C1 /* ViewModelType.swift */; };
		69000374249254E1004314C1 /* SignUpNavigator.swift in Sources */ = {isa = PBXBuildFile; fileRef = 69000373249254E1004314C1 /* SignUpNavigator.swift */; };
		69000378249257FE004314C1 /* SignUpViewController.swift in Sources */ = {isa = PBXBuildFile; fileRef = 69000376249257FE004314C1 /* SignUpViewController.swift */; };
		69000379249257FE004314C1 /* SignUpViewController.xib in Resources */ = {isa = PBXBuildFile; fileRef = 69000377249257FE004314C1 /* SignUpViewController.xib */; };
		69200885249AC2D9006A16AF /* HomeNavigator.swift in Sources */ = {isa = PBXBuildFile; fileRef = 69200884249AC2D9006A16AF /* HomeNavigator.swift */; };
		69200887249AC86F006A16AF /* CategoryNavigator.swift in Sources */ = {isa = PBXBuildFile; fileRef = 69200886249AC86F006A16AF /* CategoryNavigator.swift */; };
		69200889249AC8CB006A16AF /* CategoryViewModel.swift in Sources */ = {isa = PBXBuildFile; fileRef = 69200888249AC8CB006A16AF /* CategoryViewModel.swift */; };
		6920088B249ACA6E006A16AF /* ArrayTracker.swift in Sources */ = {isa = PBXBuildFile; fileRef = 6920088A249ACA6E006A16AF /* ArrayTracker.swift */; };
		6920088D249ACB11006A16AF /* ActivityIndicator.swift in Sources */ = {isa = PBXBuildFile; fileRef = 6920088C249ACB11006A16AF /* ActivityIndicator.swift */; };
		692255092468698600D0D31F /* UIApplication+.swift in Sources */ = {isa = PBXBuildFile; fileRef = 692255082468698600D0D31F /* UIApplication+.swift */; };
		69225544246A9C7D00D0D31F /* CheckCollectionViewCell.swift in Sources */ = {isa = PBXBuildFile; fileRef = 69225542246A9C7D00D0D31F /* CheckCollectionViewCell.swift */; };
		69225545246A9C7D00D0D31F /* CheckCollectionViewCell.xib in Resources */ = {isa = PBXBuildFile; fileRef = 69225543246A9C7D00D0D31F /* CheckCollectionViewCell.xib */; };
		69225547246AC91B00D0D31F /* CheckBox.swift in Sources */ = {isa = PBXBuildFile; fileRef = 69225546246AC91B00D0D31F /* CheckBox.swift */; };
		692B86312473FB9F00A416BF /* QuestionTableViewCell.swift in Sources */ = {isa = PBXBuildFile; fileRef = 692B862F2473FB9F00A416BF /* QuestionTableViewCell.swift */; };
		692B86322473FB9F00A416BF /* QuestionTableViewCell.xib in Resources */ = {isa = PBXBuildFile; fileRef = 692B86302473FB9F00A416BF /* QuestionTableViewCell.xib */; };
		692B86AC24788E9B00A416BF /* CategoryViewController.swift in Sources */ = {isa = PBXBuildFile; fileRef = 692B86AA24788E9B00A416BF /* CategoryViewController.swift */; };
		692B86AD24788E9B00A416BF /* CategoryViewController.xib in Resources */ = {isa = PBXBuildFile; fileRef = 692B86AB24788E9B00A416BF /* CategoryViewController.xib */; };
		692B86B124788FB000A416BF /* SubjectViewController.swift in Sources */ = {isa = PBXBuildFile; fileRef = 692B86AF24788FB000A416BF /* SubjectViewController.swift */; };
		692B86B224788FB000A416BF /* SubjectViewController.xib in Resources */ = {isa = PBXBuildFile; fileRef = 692B86B024788FB000A416BF /* SubjectViewController.xib */; };
		692B86B8247902B100A416BF /* CategoryTableViewCell.swift in Sources */ = {isa = PBXBuildFile; fileRef = 692B86B6247902B100A416BF /* CategoryTableViewCell.swift */; };
		692B86B9247902B100A416BF /* CategoryTableViewCell.xib in Resources */ = {isa = PBXBuildFile; fileRef = 692B86B7247902B100A416BF /* CategoryTableViewCell.xib */; };
		692DAEDC248EFB870050897D /* HomeViewModel.swift in Sources */ = {isa = PBXBuildFile; fileRef = 692DAEDB248EFB870050897D /* HomeViewModel.swift */; };
		69546694249448D700CF9C41 /* R.generated.swift in Sources */ = {isa = PBXBuildFile; fileRef = 69546693249448D700CF9C41 /* R.generated.swift */; };
		695466982494661900CF9C41 /* LoginViewController.swift in Sources */ = {isa = PBXBuildFile; fileRef = 695466962494661900CF9C41 /* LoginViewController.swift */; };
		695466992494661900CF9C41 /* LoginViewController.xib in Resources */ = {isa = PBXBuildFile; fileRef = 695466972494661900CF9C41 /* LoginViewController.xib */; };
		6954669B2494672900CF9C41 /* LoginViewModel.swift in Sources */ = {isa = PBXBuildFile; fileRef = 6954669A2494672900CF9C41 /* LoginViewModel.swift */; };
		6954669D2494675E00CF9C41 /* LoginNavigator.swift in Sources */ = {isa = PBXBuildFile; fileRef = 6954669C2494675E00CF9C41 /* LoginNavigator.swift */; };
		695D7A132489227C0096DC20 /* DetailViewController.swift in Sources */ = {isa = PBXBuildFile; fileRef = 695D7A112489227C0096DC20 /* DetailViewController.swift */; };
		695D7A142489227C0096DC20 /* DetailViewController.xib in Resources */ = {isa = PBXBuildFile; fileRef = 695D7A122489227C0096DC20 /* DetailViewController.xib */; };
		695D7A17248B48AD0096DC20 /* SubjectModel.swift in Sources */ = {isa = PBXBuildFile; fileRef = 695D7A16248B48AD0096DC20 /* SubjectModel.swift */; };
		695D7A19248B6C260096DC20 /* GoogleService-Info.plist in Resources */ = {isa = PBXBuildFile; fileRef = 695D7A18248B6C260096DC20 /* GoogleService-Info.plist */; };
		695D7A1B248BA60C0096DC20 /* UserModel.swift in Sources */ = {isa = PBXBuildFile; fileRef = 695D7A1A248BA60C0096DC20 /* UserModel.swift */; };
		695D7A1D248BCB960096DC20 /* UserViewModel.swift in Sources */ = {isa = PBXBuildFile; fileRef = 695D7A1C248BCB960096DC20 /* UserViewModel.swift */; };
		6998950D246D9E5C0063E7C3 /* CustomUITextField.swift in Sources */ = {isa = PBXBuildFile; fileRef = 6998950C246D9E5C0063E7C3 /* CustomUITextField.swift */; };
		6998950F246E111E0063E7C3 /* PaddingLabel.swift in Sources */ = {isa = PBXBuildFile; fileRef = 6998950E246E111E0063E7C3 /* PaddingLabel.swift */; };
		69A149A2246829A100F94D07 /* AppDelegate.swift in Sources */ = {isa = PBXBuildFile; fileRef = 69A149A1246829A100F94D07 /* AppDelegate.swift */; };
		69A149A4246829A100F94D07 /* SceneDelegate.swift in Sources */ = {isa = PBXBuildFile; fileRef = 69A149A3246829A100F94D07 /* SceneDelegate.swift */; };
		69A149AC246829A100F94D07 /* MyWorkbook.xcdatamodeld in Sources */ = {isa = PBXBuildFile; fileRef = 69A149AA246829A100F94D07 /* MyWorkbook.xcdatamodeld */; };
		69A149AE246829A300F94D07 /* Assets.xcassets in Resources */ = {isa = PBXBuildFile; fileRef = 69A149AD246829A300F94D07 /* Assets.xcassets */; };
		69A149B1246829A300F94D07 /* LaunchScreen.storyboard in Resources */ = {isa = PBXBuildFile; fileRef = 69A149AF246829A300F94D07 /* LaunchScreen.storyboard */; };
		69A149BB246829F100F94D07 /* HomeViewController.swift in Sources */ = {isa = PBXBuildFile; fileRef = 69A149B9246829F100F94D07 /* HomeViewController.swift */; };
		69A149BC246829F100F94D07 /* HomeViewController.xib in Resources */ = {isa = PBXBuildFile; fileRef = 69A149BA246829F100F94D07 /* HomeViewController.xib */; };
		69A149C32468400100F94D07 /* PracticeViewController.swift in Sources */ = {isa = PBXBuildFile; fileRef = 69A149C12468400100F94D07 /* PracticeViewController.swift */; };
		69A149C42468400100F94D07 /* PracticeViewController.xib in Resources */ = {isa = PBXBuildFile; fileRef = 69A149C22468400100F94D07 /* PracticeViewController.xib */; };
		69A149C7246840B100F94D07 /* ProblemViewController.swift in Sources */ = {isa = PBXBuildFile; fileRef = 69A149C5246840B100F94D07 /* ProblemViewController.swift */; };
		69A149C8246840B100F94D07 /* ProblemViewController.xib in Resources */ = {isa = PBXBuildFile; fileRef = 69A149C6246840B100F94D07 /* ProblemViewController.xib */; };
		69A149CB2468637A00F94D07 /* UIColor+.swift in Sources */ = {isa = PBXBuildFile; fileRef = 69A149CA2468637A00F94D07 /* UIColor+.swift */; };
		69EBD574248345AB0094A2D0 /* PickerModalViewController.swift in Sources */ = {isa = PBXBuildFile; fileRef = 69EBD572248345AB0094A2D0 /* PickerModalViewController.swift */; };
		69EBD575248345AB0094A2D0 /* PickerModalViewController.xib in Resources */ = {isa = PBXBuildFile; fileRef = 69EBD573248345AB0094A2D0 /* PickerModalViewController.xib */; };
		69EBD57924834DC00094A2D0 /* PickerModalTableViewCell.swift in Sources */ = {isa = PBXBuildFile; fileRef = 69EBD57724834DC00094A2D0 /* PickerModalTableViewCell.swift */; };
		69EBD57A24834DC00094A2D0 /* PickerModalTableViewCell.xib in Resources */ = {isa = PBXBuildFile; fileRef = 69EBD57824834DC00094A2D0 /* PickerModalTableViewCell.xib */; };
		69EBD57D2483E0EB0094A2D0 /* CustomAnimator.swift in Sources */ = {isa = PBXBuildFile; fileRef = 69EBD57C2483E0EB0094A2D0 /* CustomAnimator.swift */; };
/* End PBXBuildFile section */

/* Begin PBXFileReference section */
		2E113149C7645A01EB44DB42 /* Pods-MyWorkbook.debug.xcconfig */ = {isa = PBXFileReference; includeInIndex = 1; lastKnownFileType = text.xcconfig; name = "Pods-MyWorkbook.debug.xcconfig"; path = "Pods/Target Support Files/Pods-MyWorkbook/Pods-MyWorkbook.debug.xcconfig"; sourceTree = "<group>"; };
		5FB78BE4B8F38B353C47883C /* Pods_MyWorkbook.framework */ = {isa = PBXFileReference; explicitFileType = wrapper.framework; includeInIndex = 0; path = Pods_MyWorkbook.framework; sourceTree = BUILT_PRODUCTS_DIR; };
		6900036524924D26004314C1 /* AuthModel.swift */ = {isa = PBXFileReference; lastKnownFileType = sourcecode.swift; path = AuthModel.swift; sourceTree = "<group>"; };
		6900036824924D9B004314C1 /* Exception.swift */ = {isa = PBXFileReference; lastKnownFileType = sourcecode.swift; path = Exception.swift; sourceTree = "<group>"; };
		6900036A24924DF9004314C1 /* Observable+Ext.swift */ = {isa = PBXFileReference; lastKnownFileType = sourcecode.swift; path = "Observable+Ext.swift"; sourceTree = "<group>"; };
		6900036C249252E0004314C1 /* SignUpViewModel.swift */ = {isa = PBXFileReference; lastKnownFileType = sourcecode.swift; path = SignUpViewModel.swift; sourceTree = "<group>"; };
		6900036E24925309004314C1 /* ErrorTracker.swift */ = {isa = PBXFileReference; lastKnownFileType = sourcecode.swift; path = ErrorTracker.swift; sourceTree = "<group>"; };
		6900037024925346004314C1 /* ViewModelType.swift */ = {isa = PBXFileReference; lastKnownFileType = sourcecode.swift; path = ViewModelType.swift; sourceTree = "<group>"; };
		69000373249254E1004314C1 /* SignUpNavigator.swift */ = {isa = PBXFileReference; lastKnownFileType = sourcecode.swift; path = SignUpNavigator.swift; sourceTree = "<group>"; };
		69000376249257FE004314C1 /* SignUpViewController.swift */ = {isa = PBXFileReference; lastKnownFileType = sourcecode.swift; path = SignUpViewController.swift; sourceTree = "<group>"; };
		69000377249257FE004314C1 /* SignUpViewController.xib */ = {isa = PBXFileReference; lastKnownFileType = file.xib; path = SignUpViewController.xib; sourceTree = "<group>"; };
		69200884249AC2D9006A16AF /* HomeNavigator.swift */ = {isa = PBXFileReference; lastKnownFileType = sourcecode.swift; path = HomeNavigator.swift; sourceTree = "<group>"; };
		69200886249AC86F006A16AF /* CategoryNavigator.swift */ = {isa = PBXFileReference; lastKnownFileType = sourcecode.swift; path = CategoryNavigator.swift; sourceTree = "<group>"; };
		69200888249AC8CB006A16AF /* CategoryViewModel.swift */ = {isa = PBXFileReference; lastKnownFileType = sourcecode.swift; path = CategoryViewModel.swift; sourceTree = "<group>"; };
		6920088A249ACA6E006A16AF /* ArrayTracker.swift */ = {isa = PBXFileReference; lastKnownFileType = sourcecode.swift; path = ArrayTracker.swift; sourceTree = "<group>"; };
		6920088C249ACB11006A16AF /* ActivityIndicator.swift */ = {isa = PBXFileReference; lastKnownFileType = sourcecode.swift; path = ActivityIndicator.swift; sourceTree = "<group>"; };
		692255082468698600D0D31F /* UIApplication+.swift */ = {isa = PBXFileReference; lastKnownFileType = sourcecode.swift; path = "UIApplication+.swift"; sourceTree = "<group>"; };
		69225542246A9C7D00D0D31F /* CheckCollectionViewCell.swift */ = {isa = PBXFileReference; lastKnownFileType = sourcecode.swift; path = CheckCollectionViewCell.swift; sourceTree = "<group>"; };
		69225543246A9C7D00D0D31F /* CheckCollectionViewCell.xib */ = {isa = PBXFileReference; lastKnownFileType = file.xib; path = CheckCollectionViewCell.xib; sourceTree = "<group>"; };
		69225546246AC91B00D0D31F /* CheckBox.swift */ = {isa = PBXFileReference; lastKnownFileType = sourcecode.swift; path = CheckBox.swift; sourceTree = "<group>"; };
		692B862F2473FB9F00A416BF /* QuestionTableViewCell.swift */ = {isa = PBXFileReference; lastKnownFileType = sourcecode.swift; path = QuestionTableViewCell.swift; sourceTree = "<group>"; };
		692B86302473FB9F00A416BF /* QuestionTableViewCell.xib */ = {isa = PBXFileReference; lastKnownFileType = file.xib; path = QuestionTableViewCell.xib; sourceTree = "<group>"; };
		692B86AA24788E9B00A416BF /* CategoryViewController.swift */ = {isa = PBXFileReference; lastKnownFileType = sourcecode.swift; path = CategoryViewController.swift; sourceTree = "<group>"; };
		692B86AB24788E9B00A416BF /* CategoryViewController.xib */ = {isa = PBXFileReference; lastKnownFileType = file.xib; path = CategoryViewController.xib; sourceTree = "<group>"; };
		692B86AF24788FB000A416BF /* SubjectViewController.swift */ = {isa = PBXFileReference; lastKnownFileType = sourcecode.swift; path = SubjectViewController.swift; sourceTree = "<group>"; };
		692B86B024788FB000A416BF /* SubjectViewController.xib */ = {isa = PBXFileReference; lastKnownFileType = file.xib; path = SubjectViewController.xib; sourceTree = "<group>"; };
		692B86B6247902B100A416BF /* CategoryTableViewCell.swift */ = {isa = PBXFileReference; lastKnownFileType = sourcecode.swift; path = CategoryTableViewCell.swift; sourceTree = "<group>"; };
		692B86B7247902B100A416BF /* CategoryTableViewCell.xib */ = {isa = PBXFileReference; lastKnownFileType = file.xib; path = CategoryTableViewCell.xib; sourceTree = "<group>"; };
		692DAEDB248EFB870050897D /* HomeViewModel.swift */ = {isa = PBXFileReference; lastKnownFileType = sourcecode.swift; path = HomeViewModel.swift; sourceTree = "<group>"; };
		69546693249448D700CF9C41 /* R.generated.swift */ = {isa = PBXFileReference; fileEncoding = 4; lastKnownFileType = sourcecode.swift; path = R.generated.swift; sourceTree = "<group>"; };
		695466962494661900CF9C41 /* LoginViewController.swift */ = {isa = PBXFileReference; lastKnownFileType = sourcecode.swift; path = LoginViewController.swift; sourceTree = "<group>"; };
		695466972494661900CF9C41 /* LoginViewController.xib */ = {isa = PBXFileReference; lastKnownFileType = file.xib; path = LoginViewController.xib; sourceTree = "<group>"; };
		6954669A2494672900CF9C41 /* LoginViewModel.swift */ = {isa = PBXFileReference; lastKnownFileType = sourcecode.swift; path = LoginViewModel.swift; sourceTree = "<group>"; };
		6954669C2494675E00CF9C41 /* LoginNavigator.swift */ = {isa = PBXFileReference; lastKnownFileType = sourcecode.swift; path = LoginNavigator.swift; sourceTree = "<group>"; };
		695D7A112489227C0096DC20 /* DetailViewController.swift */ = {isa = PBXFileReference; lastKnownFileType = sourcecode.swift; path = DetailViewController.swift; sourceTree = "<group>"; };
		695D7A122489227C0096DC20 /* DetailViewController.xib */ = {isa = PBXFileReference; lastKnownFileType = file.xib; path = DetailViewController.xib; sourceTree = "<group>"; };
		695D7A16248B48AD0096DC20 /* SubjectModel.swift */ = {isa = PBXFileReference; lastKnownFileType = sourcecode.swift; path = SubjectModel.swift; sourceTree = "<group>"; };
		695D7A18248B6C260096DC20 /* GoogleService-Info.plist */ = {isa = PBXFileReference; fileEncoding = 4; lastKnownFileType = text.plist.xml; path = "GoogleService-Info.plist"; sourceTree = "<group>"; };
		695D7A1A248BA60C0096DC20 /* UserModel.swift */ = {isa = PBXFileReference; lastKnownFileType = sourcecode.swift; path = UserModel.swift; sourceTree = "<group>"; };
		695D7A1C248BCB960096DC20 /* UserViewModel.swift */ = {isa = PBXFileReference; lastKnownFileType = sourcecode.swift; path = UserViewModel.swift; sourceTree = "<group>"; };
		6998950C246D9E5C0063E7C3 /* CustomUITextField.swift */ = {isa = PBXFileReference; lastKnownFileType = sourcecode.swift; path = CustomUITextField.swift; sourceTree = "<group>"; };
		6998950E246E111E0063E7C3 /* PaddingLabel.swift */ = {isa = PBXFileReference; lastKnownFileType = sourcecode.swift; path = PaddingLabel.swift; sourceTree = "<group>"; };
		69A1499E246829A100F94D07 /* MyWorkbook.app */ = {isa = PBXFileReference; explicitFileType = wrapper.application; includeInIndex = 0; path = MyWorkbook.app; sourceTree = BUILT_PRODUCTS_DIR; };
		69A149A1246829A100F94D07 /* AppDelegate.swift */ = {isa = PBXFileReference; lastKnownFileType = sourcecode.swift; path = AppDelegate.swift; sourceTree = "<group>"; };
		69A149A3246829A100F94D07 /* SceneDelegate.swift */ = {isa = PBXFileReference; lastKnownFileType = sourcecode.swift; path = SceneDelegate.swift; sourceTree = "<group>"; };
		69A149AB246829A100F94D07 /* MyWorkbook.xcdatamodel */ = {isa = PBXFileReference; lastKnownFileType = wrapper.xcdatamodel; path = MyWorkbook.xcdatamodel; sourceTree = "<group>"; };
		69A149AD246829A300F94D07 /* Assets.xcassets */ = {isa = PBXFileReference; lastKnownFileType = folder.assetcatalog; path = Assets.xcassets; sourceTree = "<group>"; };
		69A149B0246829A300F94D07 /* Base */ = {isa = PBXFileReference; lastKnownFileType = file.storyboard; name = Base; path = Base.lproj/LaunchScreen.storyboard; sourceTree = "<group>"; };
		69A149B2246829A300F94D07 /* Info.plist */ = {isa = PBXFileReference; lastKnownFileType = text.plist.xml; path = Info.plist; sourceTree = "<group>"; };
		69A149B9246829F100F94D07 /* HomeViewController.swift */ = {isa = PBXFileReference; lastKnownFileType = sourcecode.swift; path = HomeViewController.swift; sourceTree = "<group>"; };
		69A149BA246829F100F94D07 /* HomeViewController.xib */ = {isa = PBXFileReference; lastKnownFileType = file.xib; path = HomeViewController.xib; sourceTree = "<group>"; };
		69A149C12468400100F94D07 /* PracticeViewController.swift */ = {isa = PBXFileReference; lastKnownFileType = sourcecode.swift; path = PracticeViewController.swift; sourceTree = "<group>"; };
		69A149C22468400100F94D07 /* PracticeViewController.xib */ = {isa = PBXFileReference; lastKnownFileType = file.xib; path = PracticeViewController.xib; sourceTree = "<group>"; };
		69A149C5246840B100F94D07 /* ProblemViewController.swift */ = {isa = PBXFileReference; lastKnownFileType = sourcecode.swift; path = ProblemViewController.swift; sourceTree = "<group>"; };
		69A149C6246840B100F94D07 /* ProblemViewController.xib */ = {isa = PBXFileReference; lastKnownFileType = file.xib; path = ProblemViewController.xib; sourceTree = "<group>"; };
		69A149CA2468637A00F94D07 /* UIColor+.swift */ = {isa = PBXFileReference; lastKnownFileType = sourcecode.swift; path = "UIColor+.swift"; sourceTree = "<group>"; };
		69EBD572248345AB0094A2D0 /* PickerModalViewController.swift */ = {isa = PBXFileReference; lastKnownFileType = sourcecode.swift; path = PickerModalViewController.swift; sourceTree = "<group>"; };
		69EBD573248345AB0094A2D0 /* PickerModalViewController.xib */ = {isa = PBXFileReference; lastKnownFileType = file.xib; path = PickerModalViewController.xib; sourceTree = "<group>"; };
		69EBD57724834DC00094A2D0 /* PickerModalTableViewCell.swift */ = {isa = PBXFileReference; lastKnownFileType = sourcecode.swift; path = PickerModalTableViewCell.swift; sourceTree = "<group>"; };
		69EBD57824834DC00094A2D0 /* PickerModalTableViewCell.xib */ = {isa = PBXFileReference; lastKnownFileType = file.xib; path = PickerModalTableViewCell.xib; sourceTree = "<group>"; };
		69EBD57C2483E0EB0094A2D0 /* CustomAnimator.swift */ = {isa = PBXFileReference; lastKnownFileType = sourcecode.swift; path = CustomAnimator.swift; sourceTree = "<group>"; };
		C28237E20AA16265E5175301 /* Pods-MyWorkbook.release.xcconfig */ = {isa = PBXFileReference; includeInIndex = 1; lastKnownFileType = text.xcconfig; name = "Pods-MyWorkbook.release.xcconfig"; path = "Pods/Target Support Files/Pods-MyWorkbook/Pods-MyWorkbook.release.xcconfig"; sourceTree = "<group>"; };
/* End PBXFileReference section */

/* Begin PBXFrameworksBuildPhase section */
		69A1499B246829A100F94D07 /* Frameworks */ = {
			isa = PBXFrameworksBuildPhase;
			buildActionMask = 2147483647;
			files = (
				3108BAF87E0ADB70D244447D /* Pods_MyWorkbook.framework in Frameworks */,
			);
			runOnlyForDeploymentPostprocessing = 0;
		};
/* End PBXFrameworksBuildPhase section */

/* Begin PBXGroup section */
		6244AAFC9FF6589A9995E7B5 /* Pods */ = {
			isa = PBXGroup;
			children = (
				2E113149C7645A01EB44DB42 /* Pods-MyWorkbook.debug.xcconfig */,
				C28237E20AA16265E5175301 /* Pods-MyWorkbook.release.xcconfig */,
			);
			name = Pods;
			sourceTree = "<group>";
		};
		6900036724924D8E004314C1 /* Utilities */ = {
			isa = PBXGroup;
			children = (
				6900036824924D9B004314C1 /* Exception.swift */,
				6900036A24924DF9004314C1 /* Observable+Ext.swift */,
				6900036E24925309004314C1 /* ErrorTracker.swift */,
				6920088A249ACA6E006A16AF /* ArrayTracker.swift */,
				6920088C249ACB11006A16AF /* ActivityIndicator.swift */,
			);
			path = Utilities;
			sourceTree = "<group>";
		};
		69000372249254CC004314C1 /* Navigators */ = {
			isa = PBXGroup;
			children = (
				69000373249254E1004314C1 /* SignUpNavigator.swift */,
				6954669C2494675E00CF9C41 /* LoginNavigator.swift */,
				69200884249AC2D9006A16AF /* HomeNavigator.swift */,
				69200886249AC86F006A16AF /* CategoryNavigator.swift */,
			);
			path = Navigators;
			sourceTree = "<group>";
		};
		69000375249257E7004314C1 /* SignUp */ = {
			isa = PBXGroup;
			children = (
				69000376249257FE004314C1 /* SignUpViewController.swift */,
				69000377249257FE004314C1 /* SignUpViewController.xib */,
			);
			path = SignUp;
			sourceTree = "<group>";
		};
		6922550A2468752600D0D31F /* Cell */ = {
			isa = PBXGroup;
			children = (
				69225542246A9C7D00D0D31F /* CheckCollectionViewCell.swift */,
				69225543246A9C7D00D0D31F /* CheckCollectionViewCell.xib */,
				692B862F2473FB9F00A416BF /* QuestionTableViewCell.swift */,
				692B86302473FB9F00A416BF /* QuestionTableViewCell.xib */,
			);
			path = Cell;
			sourceTree = "<group>";
		};
		692B86AE24788F8800A416BF /* StackedView */ = {
			isa = PBXGroup;
			children = (
				692B86B52479026C00A416BF /* Cell */,
				692B86AF24788FB000A416BF /* SubjectViewController.swift */,
				692B86B024788FB000A416BF /* SubjectViewController.xib */,
			);
			path = StackedView;
			sourceTree = "<group>";
		};
		692B86B32478DAB400A416BF /* ViewModel */ = {
			isa = PBXGroup;
			children = (
				695D7A1C248BCB960096DC20 /* UserViewModel.swift */,
				692B86B42478DAC400A416BF /* Category */,
				6900037024925346004314C1 /* ViewModelType.swift */,
				6900036C249252E0004314C1 /* SignUpViewModel.swift */,
				692DAEDB248EFB870050897D /* HomeViewModel.swift */,
				69200888249AC8CB006A16AF /* CategoryViewModel.swift */,
				6954669A2494672900CF9C41 /* LoginViewModel.swift */,
			);
			path = ViewModel;
			sourceTree = "<group>";
		};
		692B86B42478DAC400A416BF /* Category */ = {
			isa = PBXGroup;
			children = (
			);
			path = Category;
			sourceTree = "<group>";
		};
		692B86B52479026C00A416BF /* Cell */ = {
			isa = PBXGroup;
			children = (
				692B86B6247902B100A416BF /* CategoryTableViewCell.swift */,
				692B86B7247902B100A416BF /* CategoryTableViewCell.xib */,
			);
			path = Cell;
			sourceTree = "<group>";
		};
		692DAED5248EF7AF0050897D /* View */ = {
			isa = PBXGroup;
			children = (
				692B86AE24788F8800A416BF /* StackedView */,
				692B86AA24788E9B00A416BF /* CategoryViewController.swift */,
				692B86AB24788E9B00A416BF /* CategoryViewController.xib */,
			);
			path = View;
			sourceTree = "<group>";
		};
		692DAED6248EF7CD0050897D /* View */ = {
			isa = PBXGroup;
			children = (
				6922550A2468752600D0D31F /* Cell */,
				69A149B9246829F100F94D07 /* HomeViewController.swift */,
				69A149BA246829F100F94D07 /* HomeViewController.xib */,
			);
			path = View;
			sourceTree = "<group>";
		};
		692DAED7248EF7DE0050897D /* View */ = {
			isa = PBXGroup;
			children = (
				69EBD5712483457D0094A2D0 /* PickerModal */,
				69A149C5246840B100F94D07 /* ProblemViewController.swift */,
				69A149C6246840B100F94D07 /* ProblemViewController.xib */,
			);
			path = View;
			sourceTree = "<group>";
		};
		692DAED8248EF7EB0050897D /* View */ = {
			isa = PBXGroup;
			children = (
				69A149C12468400100F94D07 /* PracticeViewController.swift */,
				69A149C22468400100F94D07 /* PracticeViewController.xib */,
			);
			path = View;
			sourceTree = "<group>";
		};
		692DAED9248EF7FE0050897D /* View */ = {
			isa = PBXGroup;
			children = (
				695D7A112489227C0096DC20 /* DetailViewController.swift */,
				695D7A122489227C0096DC20 /* DetailViewController.xib */,
			);
			path = View;
			sourceTree = "<group>";
		};
		695466952494660700CF9C41 /* Login */ = {
			isa = PBXGroup;
			children = (
				695466962494661900CF9C41 /* LoginViewController.swift */,
				695466972494661900CF9C41 /* LoginViewController.xib */,
			);
			path = Login;
			sourceTree = "<group>";
		};
		695D7A10248922670096DC20 /* Detail */ = {
			isa = PBXGroup;
			children = (
				692DAED9248EF7FE0050897D /* View */,
			);
			path = Detail;
			sourceTree = "<group>";
		};
		695D7A15248B48150096DC20 /* Model */ = {
			isa = PBXGroup;
			children = (
				695D7A16248B48AD0096DC20 /* SubjectModel.swift */,
				695D7A1A248BA60C0096DC20 /* UserModel.swift */,
				6900036524924D26004314C1 /* AuthModel.swift */,
			);
			path = Model;
			sourceTree = "<group>";
		};
		69A14995246829A100F94D07 = {
			isa = PBXGroup;
			children = (
				69546693249448D700CF9C41 /* R.generated.swift */,
				69A149A0246829A100F94D07 /* MyWorkbook */,
				69A1499F246829A100F94D07 /* Products */,
				6244AAFC9FF6589A9995E7B5 /* Pods */,
				6F1A2FA21821AECEE94FF830 /* Frameworks */,
			);
			sourceTree = "<group>";
		};
		69A1499F246829A100F94D07 /* Products */ = {
			isa = PBXGroup;
			children = (
				69A1499E246829A100F94D07 /* MyWorkbook.app */,
			);
			name = Products;
			sourceTree = "<group>";
		};
		69A149A0246829A100F94D07 /* MyWorkbook */ = {
			isa = PBXGroup;
			children = (
				69000372249254CC004314C1 /* Navigators */,
				6900036724924D8E004314C1 /* Utilities */,
				695D7A15248B48150096DC20 /* Model */,
				692B86B32478DAB400A416BF /* ViewModel */,
				69A149C92468619D00F94D07 /* Util */,
				69A149B8246829E100F94D07 /* View */,
				69A149A1246829A100F94D07 /* AppDelegate.swift */,
				69A149A3246829A100F94D07 /* SceneDelegate.swift */,
				69A149AD246829A300F94D07 /* Assets.xcassets */,
				69A149AF246829A300F94D07 /* LaunchScreen.storyboard */,
				69A149B2246829A300F94D07 /* Info.plist */,
				69A149AA246829A100F94D07 /* MyWorkbook.xcdatamodeld */,
				695D7A18248B6C260096DC20 /* GoogleService-Info.plist */,
			);
			path = MyWorkbook;
			sourceTree = "<group>";
		};
		69A149B8246829E100F94D07 /* View */ = {
			isa = PBXGroup;
			children = (
				695466952494660700CF9C41 /* Login */,
				69000375249257E7004314C1 /* SignUp */,
				695D7A10248922670096DC20 /* Detail */,
				69EBD57B2483E0B10094A2D0 /* Transition */,
				69EBD5D3248544F90094A2D0 /* Practice */,
				69EBD5702481F4820094A2D0 /* Problem */,
				69DC840F246C057400733E8C /* Home */,
				69DC840E246C055A00733E8C /* Category */,
			);
			path = View;
			sourceTree = "<group>";
		};
		69A149C92468619D00F94D07 /* Util */ = {
			isa = PBXGroup;
			children = (
				69A149CA2468637A00F94D07 /* UIColor+.swift */,
				692255082468698600D0D31F /* UIApplication+.swift */,
				69225546246AC91B00D0D31F /* CheckBox.swift */,
				6998950C246D9E5C0063E7C3 /* CustomUITextField.swift */,
				6998950E246E111E0063E7C3 /* PaddingLabel.swift */,
			);
			path = Util;
			sourceTree = "<group>";
		};
		69DC840E246C055A00733E8C /* Category */ = {
			isa = PBXGroup;
			children = (
				692DAED5248EF7AF0050897D /* View */,
			);
			path = Category;
			sourceTree = "<group>";
		};
		69DC840F246C057400733E8C /* Home */ = {
			isa = PBXGroup;
			children = (
				692DAED6248EF7CD0050897D /* View */,
			);
			path = Home;
			sourceTree = "<group>";
		};
		69EBD5702481F4820094A2D0 /* Problem */ = {
			isa = PBXGroup;
			children = (
				692DAED7248EF7DE0050897D /* View */,
			);
			path = Problem;
			sourceTree = "<group>";
		};
		69EBD5712483457D0094A2D0 /* PickerModal */ = {
			isa = PBXGroup;
			children = (
				69EBD57624834D9C0094A2D0 /* cell */,
				69EBD572248345AB0094A2D0 /* PickerModalViewController.swift */,
				69EBD573248345AB0094A2D0 /* PickerModalViewController.xib */,
			);
			path = PickerModal;
			sourceTree = "<group>";
		};
		69EBD57624834D9C0094A2D0 /* cell */ = {
			isa = PBXGroup;
			children = (
				69EBD57724834DC00094A2D0 /* PickerModalTableViewCell.swift */,
				69EBD57824834DC00094A2D0 /* PickerModalTableViewCell.xib */,
			);
			path = cell;
			sourceTree = "<group>";
		};
		69EBD57B2483E0B10094A2D0 /* Transition */ = {
			isa = PBXGroup;
			children = (
				69EBD57C2483E0EB0094A2D0 /* CustomAnimator.swift */,
			);
			path = Transition;
			sourceTree = "<group>";
		};
		69EBD5D3248544F90094A2D0 /* Practice */ = {
			isa = PBXGroup;
			children = (
				692DAED8248EF7EB0050897D /* View */,
			);
			path = Practice;
			sourceTree = "<group>";
		};
		6F1A2FA21821AECEE94FF830 /* Frameworks */ = {
			isa = PBXGroup;
			children = (
				5FB78BE4B8F38B353C47883C /* Pods_MyWorkbook.framework */,
			);
			name = Frameworks;
			sourceTree = "<group>";
		};
/* End PBXGroup section */

/* Begin PBXNativeTarget section */
		69A1499D246829A100F94D07 /* MyWorkbook */ = {
			isa = PBXNativeTarget;
			buildConfigurationList = 69A149B5246829A300F94D07 /* Build configuration list for PBXNativeTarget "MyWorkbook" */;
			buildPhases = (
				D549FFDADF8E6973E954DF2F /* [CP] Check Pods Manifest.lock */,
				69546692249445A700CF9C41 /* ShellScript */,
				69A1499A246829A100F94D07 /* Sources */,
				69A1499B246829A100F94D07 /* Frameworks */,
				69A1499C246829A100F94D07 /* Resources */,
				2FB77D907EA66EA8F7F639B4 /* [CP] Embed Pods Frameworks */,
			);
			buildRules = (
			);
			dependencies = (
			);
			name = MyWorkbook;
			productName = MyWorkbook;
			productReference = 69A1499E246829A100F94D07 /* MyWorkbook.app */;
			productType = "com.apple.product-type.application";
		};
/* End PBXNativeTarget section */

/* Begin PBXProject section */
		69A14996246829A100F94D07 /* Project object */ = {
			isa = PBXProject;
			attributes = {
				LastSwiftUpdateCheck = 1130;
				LastUpgradeCheck = 1130;
				ORGANIZATIONNAME = zhenya;
				TargetAttributes = {
					69A1499D246829A100F94D07 = {
						CreatedOnToolsVersion = 11.3.1;
					};
				};
			};
			buildConfigurationList = 69A14999246829A100F94D07 /* Build configuration list for PBXProject "MyWorkbook" */;
			compatibilityVersion = "Xcode 9.3";
			developmentRegion = en;
			hasScannedForEncodings = 0;
			knownRegions = (
				en,
				Base,
			);
			mainGroup = 69A14995246829A100F94D07;
			productRefGroup = 69A1499F246829A100F94D07 /* Products */;
			projectDirPath = "";
			projectRoot = "";
			targets = (
				69A1499D246829A100F94D07 /* MyWorkbook */,
			);
		};
/* End PBXProject section */

/* Begin PBXResourcesBuildPhase section */
		69A1499C246829A100F94D07 /* Resources */ = {
			isa = PBXResourcesBuildPhase;
			buildActionMask = 2147483647;
			files = (
				695466992494661900CF9C41 /* LoginViewController.xib in Resources */,
				692B86AD24788E9B00A416BF /* CategoryViewController.xib in Resources */,
				695D7A142489227C0096DC20 /* DetailViewController.xib in Resources */,
				69EBD575248345AB0094A2D0 /* PickerModalViewController.xib in Resources */,
				692B86B9247902B100A416BF /* CategoryTableViewCell.xib in Resources */,
				69225545246A9C7D00D0D31F /* CheckCollectionViewCell.xib in Resources */,
				69A149B1246829A300F94D07 /* LaunchScreen.storyboard in Resources */,
				69A149C8246840B100F94D07 /* ProblemViewController.xib in Resources */,
				69A149C42468400100F94D07 /* PracticeViewController.xib in Resources */,
				69EBD57A24834DC00094A2D0 /* PickerModalTableViewCell.xib in Resources */,
				692B86322473FB9F00A416BF /* QuestionTableViewCell.xib in Resources */,
				69000379249257FE004314C1 /* SignUpViewController.xib in Resources */,
				692B86B224788FB000A416BF /* SubjectViewController.xib in Resources */,
				69A149AE246829A300F94D07 /* Assets.xcassets in Resources */,
				69A149BC246829F100F94D07 /* HomeViewController.xib in Resources */,
				695D7A19248B6C260096DC20 /* GoogleService-Info.plist in Resources */,
			);
			runOnlyForDeploymentPostprocessing = 0;
		};
/* End PBXResourcesBuildPhase section */

/* Begin PBXShellScriptBuildPhase section */
		2FB77D907EA66EA8F7F639B4 /* [CP] Embed Pods Frameworks */ = {
			isa = PBXShellScriptBuildPhase;
			buildActionMask = 2147483647;
			files = (
			);
			inputFileListPaths = (
			);
			inputPaths = (
				"${PODS_ROOT}/Target Support Files/Pods-MyWorkbook/Pods-MyWorkbook-frameworks.sh",
				"${BUILT_PRODUCTS_DIR}/BoringSSL-GRPC/openssl_grpc.framework",
				"${BUILT_PRODUCTS_DIR}/GTMSessionFetcher/GTMSessionFetcher.framework",
				"${BUILT_PRODUCTS_DIR}/GoogleUtilities/GoogleUtilities.framework",
				"${BUILT_PRODUCTS_DIR}/PromisesObjC/FBLPromises.framework",
				"${BUILT_PRODUCTS_DIR}/R.swift.Library/Rswift.framework",
				"${BUILT_PRODUCTS_DIR}/RxCocoa/RxCocoa.framework",
				"${BUILT_PRODUCTS_DIR}/RxRelay/RxRelay.framework",
				"${BUILT_PRODUCTS_DIR}/RxSwift/RxSwift.framework",
				"${BUILT_PRODUCTS_DIR}/abseil/absl.framework",
				"${BUILT_PRODUCTS_DIR}/gRPC-C++/grpcpp.framework",
				"${BUILT_PRODUCTS_DIR}/gRPC-Core/grpc.framework",
				"${BUILT_PRODUCTS_DIR}/leveldb-library/leveldb.framework",
				"${BUILT_PRODUCTS_DIR}/nanopb/nanopb.framework",
			);
			name = "[CP] Embed Pods Frameworks";
			outputFileListPaths = (
			);
			outputPaths = (
				"${TARGET_BUILD_DIR}/${FRAMEWORKS_FOLDER_PATH}/openssl_grpc.framework",
				"${TARGET_BUILD_DIR}/${FRAMEWORKS_FOLDER_PATH}/GTMSessionFetcher.framework",
				"${TARGET_BUILD_DIR}/${FRAMEWORKS_FOLDER_PATH}/GoogleUtilities.framework",
				"${TARGET_BUILD_DIR}/${FRAMEWORKS_FOLDER_PATH}/FBLPromises.framework",
				"${TARGET_BUILD_DIR}/${FRAMEWORKS_FOLDER_PATH}/Rswift.framework",
				"${TARGET_BUILD_DIR}/${FRAMEWORKS_FOLDER_PATH}/RxCocoa.framework",
				"${TARGET_BUILD_DIR}/${FRAMEWORKS_FOLDER_PATH}/RxRelay.framework",
				"${TARGET_BUILD_DIR}/${FRAMEWORKS_FOLDER_PATH}/RxSwift.framework",
				"${TARGET_BUILD_DIR}/${FRAMEWORKS_FOLDER_PATH}/absl.framework",
				"${TARGET_BUILD_DIR}/${FRAMEWORKS_FOLDER_PATH}/grpcpp.framework",
				"${TARGET_BUILD_DIR}/${FRAMEWORKS_FOLDER_PATH}/grpc.framework",
				"${TARGET_BUILD_DIR}/${FRAMEWORKS_FOLDER_PATH}/leveldb.framework",
				"${TARGET_BUILD_DIR}/${FRAMEWORKS_FOLDER_PATH}/nanopb.framework",
			);
			runOnlyForDeploymentPostprocessing = 0;
			shellPath = /bin/sh;
			shellScript = "\"${PODS_ROOT}/Target Support Files/Pods-MyWorkbook/Pods-MyWorkbook-frameworks.sh\"\n";
			showEnvVarsInLog = 0;
		};
		69546692249445A700CF9C41 /* ShellScript */ = {
			isa = PBXShellScriptBuildPhase;
			buildActionMask = 2147483647;
			files = (
			);
			inputFileListPaths = (
			);
			inputPaths = (
				"$TEMP_DIR/rswift-lastrun",
			);
			outputFileListPaths = (
			);
			outputPaths = (
				$SRCROOT/R.generated.swift,
			);
			runOnlyForDeploymentPostprocessing = 0;
			shellPath = /bin/sh;
			shellScript = "\"$PODS_ROOT/R.swift/rswift\" generate \"$SRCROOT/R.generated.swift\"\n\n";
		};
		D549FFDADF8E6973E954DF2F /* [CP] Check Pods Manifest.lock */ = {
			isa = PBXShellScriptBuildPhase;
			buildActionMask = 2147483647;
			files = (
			);
			inputFileListPaths = (
			);
			inputPaths = (
				"${PODS_PODFILE_DIR_PATH}/Podfile.lock",
				"${PODS_ROOT}/Manifest.lock",
			);
			name = "[CP] Check Pods Manifest.lock";
			outputFileListPaths = (
			);
			outputPaths = (
				"$(DERIVED_FILE_DIR)/Pods-MyWorkbook-checkManifestLockResult.txt",
			);
			runOnlyForDeploymentPostprocessing = 0;
			shellPath = /bin/sh;
			shellScript = "diff \"${PODS_PODFILE_DIR_PATH}/Podfile.lock\" \"${PODS_ROOT}/Manifest.lock\" > /dev/null\nif [ $? != 0 ] ; then\n    # print error to STDERR\n    echo \"error: The sandbox is not in sync with the Podfile.lock. Run 'pod install' or update your CocoaPods installation.\" >&2\n    exit 1\nfi\n# This output is used by Xcode 'outputs' to avoid re-running this script phase.\necho \"SUCCESS\" > \"${SCRIPT_OUTPUT_FILE_0}\"\n";
			showEnvVarsInLog = 0;
		};
/* End PBXShellScriptBuildPhase section */

/* Begin PBXSourcesBuildPhase section */
		69A1499A246829A100F94D07 /* Sources */ = {
			isa = PBXSourcesBuildPhase;
			buildActionMask = 2147483647;
			files = (
				6920088B249ACA6E006A16AF /* ArrayTracker.swift in Sources */,
				69A149C7246840B100F94D07 /* ProblemViewController.swift in Sources */,
				69EBD57D2483E0EB0094A2D0 /* CustomAnimator.swift in Sources */,
				6998950F246E111E0063E7C3 /* PaddingLabel.swift in Sources */,
				6954669D2494675E00CF9C41 /* LoginNavigator.swift in Sources */,
				692B86AC24788E9B00A416BF /* CategoryViewController.swift in Sources */,
				6900036624924D26004314C1 /* AuthModel.swift in Sources */,
				69225544246A9C7D00D0D31F /* CheckCollectionViewCell.swift in Sources */,
				6900036D249252E0004314C1 /* SignUpViewModel.swift in Sources */,
				69A149CB2468637A00F94D07 /* UIColor+.swift in Sources */,
				69000374249254E1004314C1 /* SignUpNavigator.swift in Sources */,
				6900037124925346004314C1 /* ViewModelType.swift in Sources */,
				69000378249257FE004314C1 /* SignUpViewController.swift in Sources */,
				69EBD57924834DC00094A2D0 /* PickerModalTableViewCell.swift in Sources */,
				69200885249AC2D9006A16AF /* HomeNavigator.swift in Sources */,
				695D7A132489227C0096DC20 /* DetailViewController.swift in Sources */,
				6920088D249ACB11006A16AF /* ActivityIndicator.swift in Sources */,
				69200887249AC86F006A16AF /* CategoryNavigator.swift in Sources */,
				6954669B2494672900CF9C41 /* LoginViewModel.swift in Sources */,
				69EBD574248345AB0094A2D0 /* PickerModalViewController.swift in Sources */,
				6998950D246D9E5C0063E7C3 /* CustomUITextField.swift in Sources */,
				695D7A1D248BCB960096DC20 /* UserViewModel.swift in Sources */,
				695D7A1B248BA60C0096DC20 /* UserModel.swift in Sources */,
				6900036F24925309004314C1 /* ErrorTracker.swift in Sources */,
				69200889249AC8CB006A16AF /* CategoryViewModel.swift in Sources */,
				692B86312473FB9F00A416BF /* QuestionTableViewCell.swift in Sources */,
				692B86B8247902B100A416BF /* CategoryTableViewCell.swift in Sources */,
				69546694249448D700CF9C41 /* R.generated.swift in Sources */,
				692B86B124788FB000A416BF /* SubjectViewController.swift in Sources */,
				69A149A2246829A100F94D07 /* AppDelegate.swift in Sources */,
				69A149A4246829A100F94D07 /* SceneDelegate.swift in Sources */,
				692255092468698600D0D31F /* UIApplication+.swift in Sources */,
				695D7A17248B48AD0096DC20 /* SubjectModel.swift in Sources */,
				692DAEDC248EFB870050897D /* HomeViewModel.swift in Sources */,
				6900036924924D9B004314C1 /* Exception.swift in Sources */,
				6900036B24924DF9004314C1 /* Observable+Ext.swift in Sources */,
				69A149C32468400100F94D07 /* PracticeViewController.swift in Sources */,
				695466982494661900CF9C41 /* LoginViewController.swift in Sources */,
				69225547246AC91B00D0D31F /* CheckBox.swift in Sources */,
				69A149AC246829A100F94D07 /* MyWorkbook.xcdatamodeld in Sources */,
				69A149BB246829F100F94D07 /* HomeViewController.swift in Sources */,
			);
			runOnlyForDeploymentPostprocessing = 0;
		};
/* End PBXSourcesBuildPhase section */

/* Begin PBXVariantGroup section */
		69A149AF246829A300F94D07 /* LaunchScreen.storyboard */ = {
			isa = PBXVariantGroup;
			children = (
				69A149B0246829A300F94D07 /* Base */,
			);
			name = LaunchScreen.storyboard;
			sourceTree = "<group>";
		};
/* End PBXVariantGroup section */

/* Begin XCBuildConfiguration section */
		69A149B3246829A300F94D07 /* Debug */ = {
			isa = XCBuildConfiguration;
			buildSettings = {
				ALWAYS_SEARCH_USER_PATHS = NO;
				CLANG_ANALYZER_NONNULL = YES;
				CLANG_ANALYZER_NUMBER_OBJECT_CONVERSION = YES_AGGRESSIVE;
				CLANG_CXX_LANGUAGE_STANDARD = "gnu++14";
				CLANG_CXX_LIBRARY = "libc++";
				CLANG_ENABLE_MODULES = YES;
				CLANG_ENABLE_OBJC_ARC = YES;
				CLANG_ENABLE_OBJC_WEAK = YES;
				CLANG_WARN_BLOCK_CAPTURE_AUTORELEASING = YES;
				CLANG_WARN_BOOL_CONVERSION = YES;
				CLANG_WARN_COMMA = YES;
				CLANG_WARN_CONSTANT_CONVERSION = YES;
				CLANG_WARN_DEPRECATED_OBJC_IMPLEMENTATIONS = YES;
				CLANG_WARN_DIRECT_OBJC_ISA_USAGE = YES_ERROR;
				CLANG_WARN_DOCUMENTATION_COMMENTS = YES;
				CLANG_WARN_EMPTY_BODY = YES;
				CLANG_WARN_ENUM_CONVERSION = YES;
				CLANG_WARN_INFINITE_RECURSION = YES;
				CLANG_WARN_INT_CONVERSION = YES;
				CLANG_WARN_NON_LITERAL_NULL_CONVERSION = YES;
				CLANG_WARN_OBJC_IMPLICIT_RETAIN_SELF = YES;
				CLANG_WARN_OBJC_LITERAL_CONVERSION = YES;
				CLANG_WARN_OBJC_ROOT_CLASS = YES_ERROR;
				CLANG_WARN_RANGE_LOOP_ANALYSIS = YES;
				CLANG_WARN_STRICT_PROTOTYPES = YES;
				CLANG_WARN_SUSPICIOUS_MOVE = YES;
				CLANG_WARN_UNGUARDED_AVAILABILITY = YES_AGGRESSIVE;
				CLANG_WARN_UNREACHABLE_CODE = YES;
				CLANG_WARN__DUPLICATE_METHOD_MATCH = YES;
				COPY_PHASE_STRIP = NO;
				DEBUG_INFORMATION_FORMAT = dwarf;
				ENABLE_STRICT_OBJC_MSGSEND = YES;
				ENABLE_TESTABILITY = YES;
				GCC_C_LANGUAGE_STANDARD = gnu11;
				GCC_DYNAMIC_NO_PIC = NO;
				GCC_NO_COMMON_BLOCKS = YES;
				GCC_OPTIMIZATION_LEVEL = 0;
				GCC_PREPROCESSOR_DEFINITIONS = (
					"DEBUG=1",
					"$(inherited)",
				);
				GCC_WARN_64_TO_32_BIT_CONVERSION = YES;
				GCC_WARN_ABOUT_RETURN_TYPE = YES_ERROR;
				GCC_WARN_UNDECLARED_SELECTOR = YES;
				GCC_WARN_UNINITIALIZED_AUTOS = YES_AGGRESSIVE;
				GCC_WARN_UNUSED_FUNCTION = YES;
				GCC_WARN_UNUSED_VARIABLE = YES;
				IPHONEOS_DEPLOYMENT_TARGET = 11.0;
				MTL_ENABLE_DEBUG_INFO = INCLUDE_SOURCE;
				MTL_FAST_MATH = YES;
				ONLY_ACTIVE_ARCH = YES;
				SDKROOT = iphoneos;
				SWIFT_ACTIVE_COMPILATION_CONDITIONS = DEBUG;
				SWIFT_OPTIMIZATION_LEVEL = "-Onone";
			};
			name = Debug;
		};
		69A149B4246829A300F94D07 /* Release */ = {
			isa = XCBuildConfiguration;
			buildSettings = {
				ALWAYS_SEARCH_USER_PATHS = NO;
				CLANG_ANALYZER_NONNULL = YES;
				CLANG_ANALYZER_NUMBER_OBJECT_CONVERSION = YES_AGGRESSIVE;
				CLANG_CXX_LANGUAGE_STANDARD = "gnu++14";
				CLANG_CXX_LIBRARY = "libc++";
				CLANG_ENABLE_MODULES = YES;
				CLANG_ENABLE_OBJC_ARC = YES;
				CLANG_ENABLE_OBJC_WEAK = YES;
				CLANG_WARN_BLOCK_CAPTURE_AUTORELEASING = YES;
				CLANG_WARN_BOOL_CONVERSION = YES;
				CLANG_WARN_COMMA = YES;
				CLANG_WARN_CONSTANT_CONVERSION = YES;
				CLANG_WARN_DEPRECATED_OBJC_IMPLEMENTATIONS = YES;
				CLANG_WARN_DIRECT_OBJC_ISA_USAGE = YES_ERROR;
				CLANG_WARN_DOCUMENTATION_COMMENTS = YES;
				CLANG_WARN_EMPTY_BODY = YES;
				CLANG_WARN_ENUM_CONVERSION = YES;
				CLANG_WARN_INFINITE_RECURSION = YES;
				CLANG_WARN_INT_CONVERSION = YES;
				CLANG_WARN_NON_LITERAL_NULL_CONVERSION = YES;
				CLANG_WARN_OBJC_IMPLICIT_RETAIN_SELF = YES;
				CLANG_WARN_OBJC_LITERAL_CONVERSION = YES;
				CLANG_WARN_OBJC_ROOT_CLASS = YES_ERROR;
				CLANG_WARN_RANGE_LOOP_ANALYSIS = YES;
				CLANG_WARN_STRICT_PROTOTYPES = YES;
				CLANG_WARN_SUSPICIOUS_MOVE = YES;
				CLANG_WARN_UNGUARDED_AVAILABILITY = YES_AGGRESSIVE;
				CLANG_WARN_UNREACHABLE_CODE = YES;
				CLANG_WARN__DUPLICATE_METHOD_MATCH = YES;
				COPY_PHASE_STRIP = NO;
				DEBUG_INFORMATION_FORMAT = "dwarf-with-dsym";
				ENABLE_NS_ASSERTIONS = NO;
				ENABLE_STRICT_OBJC_MSGSEND = YES;
				GCC_C_LANGUAGE_STANDARD = gnu11;
				GCC_NO_COMMON_BLOCKS = YES;
				GCC_WARN_64_TO_32_BIT_CONVERSION = YES;
				GCC_WARN_ABOUT_RETURN_TYPE = YES_ERROR;
				GCC_WARN_UNDECLARED_SELECTOR = YES;
				GCC_WARN_UNINITIALIZED_AUTOS = YES_AGGRESSIVE;
				GCC_WARN_UNUSED_FUNCTION = YES;
				GCC_WARN_UNUSED_VARIABLE = YES;
				IPHONEOS_DEPLOYMENT_TARGET = 11.0;
				MTL_ENABLE_DEBUG_INFO = NO;
				MTL_FAST_MATH = YES;
				SDKROOT = iphoneos;
				SWIFT_COMPILATION_MODE = wholemodule;
				SWIFT_OPTIMIZATION_LEVEL = "-O";
				VALIDATE_PRODUCT = YES;
			};
			name = Release;
		};
		69A149B6246829A300F94D07 /* Debug */ = {
			isa = XCBuildConfiguration;
			baseConfigurationReference = 2E113149C7645A01EB44DB42 /* Pods-MyWorkbook.debug.xcconfig */;
			buildSettings = {
				ASSETCATALOG_COMPILER_APPICON_NAME = AppIcon;
				CODE_SIGN_STYLE = Automatic;
				DEVELOPMENT_TEAM = D2N2C4AM8V;
				INFOPLIST_FILE = MyWorkbook/Info.plist;
				LD_RUNPATH_SEARCH_PATHS = (
					"$(inherited)",
					"@executable_path/Frameworks",
				);
				PRODUCT_BUNDLE_IDENTIFIER = xyz.rokuapp.MyWorkbook;
				PRODUCT_NAME = "$(TARGET_NAME)";
				SWIFT_VERSION = 5.0;
				TARGETED_DEVICE_FAMILY = "1,2";
			};
			name = Debug;
		};
		69A149B7246829A300F94D07 /* Release */ = {
			isa = XCBuildConfiguration;
			baseConfigurationReference = C28237E20AA16265E5175301 /* Pods-MyWorkbook.release.xcconfig */;
			buildSettings = {
				ASSETCATALOG_COMPILER_APPICON_NAME = AppIcon;
				CODE_SIGN_STYLE = Automatic;
				DEVELOPMENT_TEAM = D2N2C4AM8V;
				INFOPLIST_FILE = MyWorkbook/Info.plist;
				LD_RUNPATH_SEARCH_PATHS = (
					"$(inherited)",
					"@executable_path/Frameworks",
				);
				PRODUCT_BUNDLE_IDENTIFIER = xyz.rokuapp.MyWorkbook;
				PRODUCT_NAME = "$(TARGET_NAME)";
				SWIFT_VERSION = 5.0;
				TARGETED_DEVICE_FAMILY = "1,2";
			};
			name = Release;
		};
/* End XCBuildConfiguration section */

/* Begin XCConfigurationList section */
		69A14999246829A100F94D07 /* Build configuration list for PBXProject "MyWorkbook" */ = {
			isa = XCConfigurationList;
			buildConfigurations = (
				69A149B3246829A300F94D07 /* Debug */,
				69A149B4246829A300F94D07 /* Release */,
			);
			defaultConfigurationIsVisible = 0;
			defaultConfigurationName = Release;
		};
		69A149B5246829A300F94D07 /* Build configuration list for PBXNativeTarget "MyWorkbook" */ = {
			isa = XCConfigurationList;
			buildConfigurations = (
				69A149B6246829A300F94D07 /* Debug */,
				69A149B7246829A300F94D07 /* Release */,
			);
			defaultConfigurationIsVisible = 0;
			defaultConfigurationName = Release;
		};
/* End XCConfigurationList section */

/* Begin XCVersionGroup section */
		69A149AA246829A100F94D07 /* MyWorkbook.xcdatamodeld */ = {
			isa = XCVersionGroup;
			children = (
				69A149AB246829A100F94D07 /* MyWorkbook.xcdatamodel */,
			);
			currentVersion = 69A149AB246829A100F94D07 /* MyWorkbook.xcdatamodel */;
			path = MyWorkbook.xcdatamodeld;
			sourceTree = "<group>";
			versionGroupType = wrapper.xcdatamodel;
		};
/* End XCVersionGroup section */
	};
	rootObject = 69A14996246829A100F94D07 /* Project object */;
}
